schema: '2.0'
stages:
  validate:
    cmd: python src/data_validation.py
    deps:
    - path: data/raw/reviews.csv
      hash: md5
      md5: 2eb18925b92d3130d93c196dc370f23b
      size: 1725
  preprocess:
    cmd: python src/preprocessing.py
    deps:
    - path: data/raw/reviews.csv
      hash: md5
      md5: 2eb18925b92d3130d93c196dc370f23b
      size: 1725
    outs:
    - path: data/processed/clean.csv
      hash: md5
      md5: bcecf741cd2c5b05ca37cae31bb9c88c
      size: 1721
  train:
    cmd: python src/train.py
    deps:
    - path: data/processed/clean.csv
      hash: md5
      md5: bcecf741cd2c5b05ca37cae31bb9c88c
      size: 1721
    outs:
    - path: models/model.pkl
      hash: md5
      md5: 35ae9fba9429cd58fc68e48b9ff26285
      size: 8557
