schema: '2.0'
stages:
  validate:
    cmd: python src/data_validation.py
    deps:
    - path: data/raw/reviews.csv
      hash: md5
      md5: 2fa14e7f1428a3171b89dedd73515b57
      size: 1871
  preprocess:
    cmd: python src/preprocessing.py
    deps:
    - path: data/raw/reviews.csv
      hash: md5
      md5: 2fa14e7f1428a3171b89dedd73515b57
      size: 1871
    outs:
    - path: data/processed/clean.csv
      hash: md5
      md5: 6f2ed4072a630c911e1cf91e1683ba24
      size: 1866
  train:
    cmd: python src/train.py
    deps:
    - path: data/processed/clean.csv
      hash: md5
      md5: 6f2ed4072a630c911e1cf91e1683ba24
      size: 1866
    outs:
    - path: models/model.pkl
      hash: md5
      md5: 6628461f4cbcac43b64564aa51206ca6
      size: 8907
